
Microsoft Visual Studio Solution File, Format Version 12.00
# Visual Studio Version 17
VisualStudioVersion = 17.9.34622.214
MinimumVisualStudioVersion = 10.0.40219.1
Project("{FAE04EC0-301F-11D3-BF4B-00C04F79EFBC}") = "DarkModeForms", "Dark-Mode-Forms\DarkModeForms.csproj", "{3972405E-252E-4EAE-97B7-204957260480}"
EndProject
Project("{FAE04EC0-301F-11D3-BF4B-00C04F79EFBC}") = "BlueMystical.Forms.DarkModeNet", "BlueMystical.Forms.DarkModeNet\BlueMystical.Forms.DarkModeNet.csproj", "{0C318329-3424-4F53-888E-89F1FBE0724A}"
EndProject
Project("{FAE04EC0-301F-11D3-BF4B-00C04F79EFBC}") = "BlueMystical.Forms.DarkModeCore", "BlueMystical.Forms.DarkModeCore\BlueMystical.Forms.DarkModeCore.csproj", "{79A77C6A-1487-4580-A341-55B6E976991B}"
EndProject
Project("{FAE04EC0-301F-11D3-BF4B-00C04F79EFBC}") = "DarkModeCoreTestApp", "DarkModeCoreTestApp\DarkModeCoreTestApp.csproj", "{8A0F6952-4EAB-451C-DBE8-3412321F6F14}"
EndProject
Project("{2150E333-8FDC-42A3-9474-1A3956D46DE8}") = "Solution Items", "Solution Items", "{02EA681E-C7D8-13C7-8484-4AC65E1B71E8}"
	ProjectSection(SolutionItems) = preProject
		.editorconfig = .editorconfig
	EndProjectSection
EndProject
Global
	GlobalSection(SolutionConfigurationPlatforms) = preSolution
		Debug|Any CPU = Debug|Any CPU
		Release|Any CPU = Release|Any CPU
	EndGlobalSection
	GlobalSection(ProjectConfigurationPlatforms) = postSolution
		{3972405E-252E-4EAE-97B7-204957260480}.Debug|Any CPU.ActiveCfg = Debug|Any CPU
		{3972405E-252E-4EAE-97B7-204957260480}.Debug|Any CPU.Build.0 = Debug|Any CPU
		{3972405E-252E-4EAE-97B7-204957260480}.Release|Any CPU.ActiveCfg = Release|Any CPU
		{3972405E-252E-4EAE-97B7-204957260480}.Release|Any CPU.Build.0 = Release|Any CPU
		{0C318329-3424-4F53-888E-89F1FBE0724A}.Debug|Any CPU.ActiveCfg = Debug|Any CPU
		{0C318329-3424-4F53-888E-89F1FBE0724A}.Debug|Any CPU.Build.0 = Debug|Any CPU
		{0C318329-3424-4F53-888E-89F1FBE0724A}.Release|Any CPU.ActiveCfg = Release|Any CPU
		{0C318329-3424-4F53-888E-89F1FBE0724A}.Release|Any CPU.Build.0 = Release|Any CPU
		{79A77C6A-1487-4580-A341-55B6E976991B}.Debug|Any CPU.ActiveCfg = Debug|Any CPU
		{79A77C6A-1487-4580-A341-55B6E976991B}.Debug|Any CPU.Build.0 = Debug|Any CPU
		{79A77C6A-1487-4580-A341-55B6E976991B}.Release|Any CPU.ActiveCfg = Release|Any CPU
		{79A77C6A-1487-4580-A341-55B6E976991B}.Release|Any CPU.Build.0 = Release|Any CPU
		{8A0F6952-4EAB-451C-DBE8-3412321F6F14}.Debug|Any CPU.ActiveCfg = Debug|Any CPU
		{8A0F6952-4EAB-451C-DBE8-3412321F6F14}.Debug|Any CPU.Build.0 = Debug|Any CPU
		{8A0F6952-4EAB-451C-DBE8-3412321F6F14}.Release|Any CPU.ActiveCfg = Release|Any CPU
		{8A0F6952-4EAB-451C-DBE8-3412321F6F14}.Release|Any CPU.Build.0 = Release|Any CPU
	EndGlobalSection
	GlobalSection(SolutionProperties) = preSolution
		HideSolutionNode = FALSE
	EndGlobalSection
	GlobalSection(ExtensibilityGlobals) = postSolution
		SolutionGuid = {C4B2DEB0-1EE2-4AD5-BBE3-653EC608BF57}
	EndGlobalSection
EndGlobal
